
Microsoft Visual Studio Solution File, Format Version 12.00
# Visual Studio Version 17
VisualStudioVersion = 17.14.36301.6 d17.14
MinimumVisualStudioVersion = 10.0.40219.1
Project("{FAE04EC0-301F-11D3-BF4B-00C04F79EFBC}") = "FlankingBonus", "FlankingBonus.csproj", "{21840D52-488C-4605-972F-F71F75D4DFED}"
EndProject
Project("{FAE04EC0-301F-11D3-BF4B-00C04F79EFBC}") = "Assembly-CSharp", "..\..\Rimworld Source Code\Assembly-CSharp.csproj", "{89D5C019-BE0C-084B-54A0-7DD38DC06E97}"
EndProject
Global
	GlobalSection(SolutionConfigurationPlatforms) = preSolution
		Debug|Any CPU = Debug|Any CPU
		Release|Any CPU = Release|Any CPU
	EndGlobalSection
	GlobalSection(ProjectConfigurationPlatforms) = postSolution
		{21840D52-488C-4605-972F-F71F75D4DFED}.Debug|Any CPU.ActiveCfg = Debug|Any CPU
		{21840D52-488C-4605-972F-F71F75D4DFED}.Debug|Any CPU.Build.0 = Debug|Any CPU
		{21840D52-488C-4605-972F-F71F75D4DFED}.Release|Any CPU.ActiveCfg = Release|Any CPU
		{21840D52-488C-4605-972F-F71F75D4DFED}.Release|Any CPU.Build.0 = Release|Any CPU
		{89D5C019-BE0C-084B-54A0-7DD38DC06E97}.Debug|Any CPU.ActiveCfg = Debug|Any CPU
		{89D5C019-BE0C-084B-54A0-7DD38DC06E97}.Debug|Any CPU.Build.0 = Debug|Any CPU
		{89D5C019-BE0C-084B-54A0-7DD38DC06E97}.Release|Any CPU.ActiveCfg = Release|Any CPU
		{89D5C019-BE0C-084B-54A0-7DD38DC06E97}.Release|Any CPU.Build.0 = Release|Any CPU
	EndGlobalSection
	GlobalSection(SolutionProperties) = preSolution
		HideSolutionNode = FALSE
	EndGlobalSection
	GlobalSection(ExtensibilityGlobals) = postSolution
		SolutionGuid = {F43A6542-E831-420A-97FE-4D0AAE61AEED}
	EndGlobalSection
EndGlobal
